// !$*UTF8*$!
{
	archiveVersion = 1;
	classes = {
	};
	objectVersion = 55;
	objects = {

/* Begin PBXBuildFile section */
		87754C032700A225006CC688 /* Main.storyboard in Resources */ = {isa = PBXBuildFile; fileRef = 87754C022700A225006CC688 /* Main.storyboard */; };
		87754C052700C02E006CC688 /* CustomLocation.swift in Sources */ = {isa = PBXBuildFile; fileRef = 87754C042700C02E006CC688 /* CustomLocation.swift */; };
		877F489A270080F6002857F9 /* AppDelegate.swift in Sources */ = {isa = PBXBuildFile; fileRef = 877F4899270080F6002857F9 /* AppDelegate.swift */; };
		877F489C270080F6002857F9 /* SceneDelegate.swift in Sources */ = {isa = PBXBuildFile; fileRef = 877F489B270080F6002857F9 /* SceneDelegate.swift */; };
		877F489E270080F6002857F9 /* ViewController.swift in Sources */ = {isa = PBXBuildFile; fileRef = 877F489D270080F6002857F9 /* ViewController.swift */; };
		877F48A3270080F8002857F9 /* Assets.xcassets in Resources */ = {isa = PBXBuildFile; fileRef = 877F48A2270080F8002857F9 /* Assets.xcassets */; };
		877F48A6270080F8002857F9 /* LaunchScreen.storyboard in Resources */ = {isa = PBXBuildFile; fileRef = 877F48A4270080F8002857F9 /* LaunchScreen.storyboard */; };
		877F48AE2700816A002857F9 /* TabBarViewController.swift in Sources */ = {isa = PBXBuildFile; fileRef = 877F48AD2700816A002857F9 /* TabBarViewController.swift */; };
		877F48B0270087A6002857F9 /* MapViewController.swift in Sources */ = {isa = PBXBuildFile; fileRef = 877F48AF270087A6002857F9 /* MapViewController.swift */; };
		877F48B2270087B3002857F9 /* ListViewController.swift in Sources */ = {isa = PBXBuildFile; fileRef = 877F48B1270087B3002857F9 /* ListViewController.swift */; };
		877F48B4270089F5002857F9 /* MoreViewController.swift in Sources */ = {isa = PBXBuildFile; fileRef = 877F48B3270089F5002857F9 /* MoreViewController.swift */; };
		877F48B627008DEE002857F9 /* ListTableViewCell.swift in Sources */ = {isa = PBXBuildFile; fileRef = 877F48B527008DEE002857F9 /* ListTableViewCell.swift */; };
/* End PBXBuildFile section */

/* Begin PBXFileReference section */
		87754C022700A225006CC688 /* Main.storyboard */ = {isa = PBXFileReference; fileEncoding = 4; lastKnownFileType = file.storyboard; path = Main.storyboard; sourceTree = "<group>"; };
		87754C042700C02E006CC688 /* CustomLocation.swift */ = {isa = PBXFileReference; lastKnownFileType = sourcecode.swift; path = CustomLocation.swift; sourceTree = "<group>"; };
		877F4896270080F6002857F9 /* Kanto.app */ = {isa = PBXFileReference; explicitFileType = wrapper.application; includeInIndex = 0; path = Kanto.app; sourceTree = BUILT_PRODUCTS_DIR; };
		877F4899270080F6002857F9 /* AppDelegate.swift */ = {isa = PBXFileReference; lastKnownFileType = sourcecode.swift; path = AppDelegate.swift; sourceTree = "<group>"; };
		877F489B270080F6002857F9 /* SceneDelegate.swift */ = {isa = PBXFileReference; lastKnownFileType = sourcecode.swift; path = SceneDelegate.swift; sourceTree = "<group>"; };
		877F489D270080F6002857F9 /* ViewController.swift */ = {isa = PBXFileReference; lastKnownFileType = sourcecode.swift; path = ViewController.swift; sourceTree = "<group>"; };
		877F48A2270080F8002857F9 /* Assets.xcassets */ = {isa = PBXFileReference; lastKnownFileType = folder.assetcatalog; path = Assets.xcassets; sourceTree = "<group>"; };
		877F48A5270080F8002857F9 /* Base */ = {isa = PBXFileReference; lastKnownFileType = file.storyboard; name = Base; path = Base.lproj/LaunchScreen.storyboard; sourceTree = "<group>"; };
		877F48A7270080F8002857F9 /* Info.plist */ = {isa = PBXFileReference; lastKnownFileType = text.plist.xml; path = Info.plist; sourceTree = "<group>"; };
		877F48AD2700816A002857F9 /* TabBarViewController.swift */ = {isa = PBXFileReference; lastKnownFileType = sourcecode.swift; path = TabBarViewController.swift; sourceTree = "<group>"; };
		877F48AF270087A6002857F9 /* MapViewController.swift */ = {isa = PBXFileReference; lastKnownFileType = sourcecode.swift; path = MapViewController.swift; sourceTree = "<group>"; };
		877F48B1270087B3002857F9 /* ListViewController.swift */ = {isa = PBXFileReference; lastKnownFileType = sourcecode.swift; path = ListViewController.swift; sourceTree = "<group>"; };
		877F48B3270089F5002857F9 /* MoreViewController.swift */ = {isa = PBXFileReference; lastKnownFileType = sourcecode.swift; path = MoreViewController.swift; sourceTree = "<group>"; };
		877F48B527008DEE002857F9 /* ListTableViewCell.swift */ = {isa = PBXFileReference; lastKnownFileType = sourcecode.swift; path = ListTableViewCell.swift; sourceTree = "<group>"; };
/* End PBXFileReference section */

/* Begin PBXFrameworksBuildPhase section */
		877F4893270080F6002857F9 /* Frameworks */ = {
			isa = PBXFrameworksBuildPhase;
			buildActionMask = 2147483647;
			files = (
			);
			runOnlyForDeploymentPostprocessing = 0;
		};
/* End PBXFrameworksBuildPhase section */

/* Begin PBXGroup section */
		877F488D270080F6002857F9 = {
			isa = PBXGroup;
			children = (
				877F4898270080F6002857F9 /* Kanto */,
				877F4897270080F6002857F9 /* Products */,
			);
			sourceTree = "<group>";
		};
		877F4897270080F6002857F9 /* Products */ = {
			isa = PBXGroup;
			children = (
				877F4896270080F6002857F9 /* Kanto.app */,
			);
			name = Products;
			sourceTree = "<group>";
		};
		877F4898270080F6002857F9 /* Kanto */ = {
			isa = PBXGroup;
			children = (
				877F4899270080F6002857F9 /* AppDelegate.swift */,
				877F489B270080F6002857F9 /* SceneDelegate.swift */,
				877F489D270080F6002857F9 /* ViewController.swift */,
				87754C022700A225006CC688 /* Main.storyboard */,
				877F48A2270080F8002857F9 /* Assets.xcassets */,
				877F48A4270080F8002857F9 /* LaunchScreen.storyboard */,
				877F48A7270080F8002857F9 /* Info.plist */,
				877F48AD2700816A002857F9 /* TabBarViewController.swift */,
				877F48AF270087A6002857F9 /* MapViewController.swift */,
				877F48B1270087B3002857F9 /* ListViewController.swift */,
				877F48B3270089F5002857F9 /* MoreViewController.swift */,
				877F48B527008DEE002857F9 /* ListTableViewCell.swift */,
				87754C042700C02E006CC688 /* CustomLocation.swift */,
			);
			path = Kanto;
			sourceTree = "<group>";
		};
/* End PBXGroup section */

/* Begin PBXNativeTarget section */
		877F4895270080F6002857F9 /* Kanto */ = {
			isa = PBXNativeTarget;
			buildConfigurationList = 877F48AA270080F8002857F9 /* Build configuration list for PBXNativeTarget "Kanto" */;
			buildPhases = (
				877F4892270080F6002857F9 /* Sources */,
				877F4893270080F6002857F9 /* Frameworks */,
				877F4894270080F6002857F9 /* Resources */,
			);
			buildRules = (
			);
			dependencies = (
			);
			name = Kanto;
			productName = Kanto;
			productReference = 877F4896270080F6002857F9 /* Kanto.app */;
			productType = "com.apple.product-type.application";
		};
/* End PBXNativeTarget section */

/* Begin PBXProject section */
		877F488E270080F6002857F9 /* Project object */ = {
			isa = PBXProject;
			attributes = {
				BuildIndependentTargetsInParallel = 1;
				LastSwiftUpdateCheck = 1300;
				LastUpgradeCheck = 1300;
				TargetAttributes = {
					877F4895270080F6002857F9 = {
						CreatedOnToolsVersion = 13.0;
					};
				};
			};
			buildConfigurationList = 877F4891270080F6002857F9 /* Build configuration list for PBXProject "Kanto" */;
			compatibilityVersion = "Xcode 13.0";
			developmentRegion = en;
			hasScannedForEncodings = 0;
			knownRegions = (
				en,
				Base,
			);
			mainGroup = 877F488D270080F6002857F9;
			productRefGroup = 877F4897270080F6002857F9 /* Products */;
			projectDirPath = "";
			projectRoot = "";
			targets = (
				877F4895270080F6002857F9 /* Kanto */,
			);
		};
/* End PBXProject section */

/* Begin PBXResourcesBuildPhase section */
		877F4894270080F6002857F9 /* Resources */ = {
			isa = PBXResourcesBuildPhase;
			buildActionMask = 2147483647;
			files = (
				87754C032700A225006CC688 /* Main.storyboard in Resources */,
				877F48A6270080F8002857F9 /* LaunchScreen.storyboard in Resources */,
				877F48A3270080F8002857F9 /* Assets.xcassets in Resources */,
			);
			runOnlyForDeploymentPostprocessing = 0;
		};
/* End PBXResourcesBuildPhase section */

/* Begin PBXSourcesBuildPhase section */
		877F4892270080F6002857F9 /* Sources */ = {
			isa = PBXSourcesBuildPhase;
			buildActionMask = 2147483647;
			files = (
				877F48B4270089F5002857F9 /* MoreViewController.swift in Sources */,
				877F48B627008DEE002857F9 /* ListTableViewCell.swift in Sources */,
				877F48AE2700816A002857F9 /* TabBarViewController.swift in Sources */,
				877F489E270080F6002857F9 /* ViewController.swift in Sources */,
				877F48B2270087B3002857F9 /* ListViewController.swift in Sources */,
				87754C052700C02E006CC688 /* CustomLocation.swift in Sources */,
				877F489A270080F6002857F9 /* AppDelegate.swift in Sources */,
				877F48B0270087A6002857F9 /* MapViewController.swift in Sources */,
				877F489C270080F6002857F9 /* SceneDelegate.swift in Sources */,
			);
			runOnlyForDeploymentPostprocessing = 0;
		};
/* End PBXSourcesBuildPhase section */

/* Begin PBXVariantGroup section */
		877F48A4270080F8002857F9 /* LaunchScreen.storyboard */ = {
			isa = PBXVariantGroup;
			children = (
				877F48A5270080F8002857F9 /* Base */,
			);
			name = LaunchScreen.storyboard;
			sourceTree = "<group>";
		};
/* End PBXVariantGroup section */

/* Begin XCBuildConfiguration section */
		877F48A8270080F8002857F9 /* Debug */ = {
			isa = XCBuildConfiguration;
			buildSettings = {
				ALWAYS_SEARCH_USER_PATHS = NO;
				CLANG_ANALYZER_NONNULL = YES;
				CLANG_ANALYZER_NUMBER_OBJECT_CONVERSION = YES_AGGRESSIVE;
				CLANG_CXX_LANGUAGE_STANDARD = "gnu++17";
				CLANG_CXX_LIBRARY = "libc++";
				CLANG_ENABLE_MODULES = YES;
				CLANG_ENABLE_OBJC_ARC = YES;
				CLANG_ENABLE_OBJC_WEAK = YES;
				CLANG_WARN_BLOCK_CAPTURE_AUTORELEASING = YES;
				CLANG_WARN_BOOL_CONVERSION = YES;
				CLANG_WARN_COMMA = YES;
				CLANG_WARN_CONSTANT_CONVERSION = YES;
				CLANG_WARN_DEPRECATED_OBJC_IMPLEMENTATIONS = YES;
				CLANG_WARN_DIRECT_OBJC_ISA_USAGE = YES_ERROR;
				CLANG_WARN_DOCUMENTATION_COMMENTS = YES;
				CLANG_WARN_EMPTY_BODY = YES;
				CLANG_WARN_ENUM_CONVERSION = YES;
				CLANG_WARN_INFINITE_RECURSION = YES;
				CLANG_WARN_INT_CONVERSION = YES;
				CLANG_WARN_NON_LITERAL_NULL_CONVERSION = YES;
				CLANG_WARN_OBJC_IMPLICIT_RETAIN_SELF = YES;
				CLANG_WARN_OBJC_LITERAL_CONVERSION = YES;
				CLANG_WARN_OBJC_ROOT_CLASS = YES_ERROR;
				CLANG_WARN_QUOTED_INCLUDE_IN_FRAMEWORK_HEADER = YES;
				CLANG_WARN_RANGE_LOOP_ANALYSIS = YES;
				CLANG_WARN_STRICT_PROTOTYPES = YES;
				CLANG_WARN_SUSPICIOUS_MOVE = YES;
				CLANG_WARN_UNGUARDED_AVAILABILITY = YES_AGGRESSIVE;
				CLANG_WARN_UNREACHABLE_CODE = YES;
				CLANG_WARN__DUPLICATE_METHOD_MATCH = YES;
				COPY_PHASE_STRIP = NO;
				DEBUG_INFORMATION_FORMAT = dwarf;
				ENABLE_STRICT_OBJC_MSGSEND = YES;
				ENABLE_TESTABILITY = YES;
				GCC_C_LANGUAGE_STANDARD = gnu11;
				GCC_DYNAMIC_NO_PIC = NO;
				GCC_NO_COMMON_BLOCKS = YES;
				GCC_OPTIMIZATION_LEVEL = 0;
				GCC_PREPROCESSOR_DEFINITIONS = (
					"DEBUG=1",
					"$(inherited)",
				);
				GCC_WARN_64_TO_32_BIT_CONVERSION = YES;
				GCC_WARN_ABOUT_RETURN_TYPE = YES_ERROR;
				GCC_WARN_UNDECLARED_SELECTOR = YES;
				GCC_WARN_UNINITIALIZED_AUTOS = YES_AGGRESSIVE;
				GCC_WARN_UNUSED_FUNCTION = YES;
				GCC_WARN_UNUSED_VARIABLE = YES;
				IPHONEOS_DEPLOYMENT_TARGET = 15.0;
				MTL_ENABLE_DEBUG_INFO = INCLUDE_SOURCE;
				MTL_FAST_MATH = YES;
				ONLY_ACTIVE_ARCH = YES;
				SDKROOT = iphoneos;
				SWIFT_ACTIVE_COMPILATION_CONDITIONS = DEBUG;
				SWIFT_OPTIMIZATION_LEVEL = "-Onone";
			};
			name = Debug;
		};
		877F48A9270080F8002857F9 /* Release */ = {
			isa = XCBuildConfiguration;
			buildSettings = {
				ALWAYS_SEARCH_USER_PATHS = NO;
				CLANG_ANALYZER_NONNULL = YES;
				CLANG_ANALYZER_NUMBER_OBJECT_CONVERSION = YES_AGGRESSIVE;
				CLANG_CXX_LANGUAGE_STANDARD = "gnu++17";
				CLANG_CXX_LIBRARY = "libc++";
				CLANG_ENABLE_MODULES = YES;
				CLANG_ENABLE_OBJC_ARC = YES;
				CLANG_ENABLE_OBJC_WEAK = YES;
				CLANG_WARN_BLOCK_CAPTURE_AUTORELEASING = YES;
				CLANG_WARN_BOOL_CONVERSION = YES;
				CLANG_WARN_COMMA = YES;
				CLANG_WARN_CONSTANT_CONVERSION = YES;
				CLANG_WARN_DEPRECATED_OBJC_IMPLEMENTATIONS = YES;
				CLANG_WARN_DIRECT_OBJC_ISA_USAGE = YES_ERROR;
				CLANG_WARN_DOCUMENTATION_COMMENTS = YES;
				CLANG_WARN_EMPTY_BODY = YES;
				CLANG_WARN_ENUM_CONVERSION = YES;
				CLANG_WARN_INFINITE_RECURSION = YES;
				CLANG_WARN_INT_CONVERSION = YES;
				CLANG_WARN_NON_LITERAL_NULL_CONVERSION = YES;
				CLANG_WARN_OBJC_IMPLICIT_RETAIN_SELF = YES;
				CLANG_WARN_OBJC_LITERAL_CONVERSION = YES;
				CLANG_WARN_OBJC_ROOT_CLASS = YES_ERROR;
				CLANG_WARN_QUOTED_INCLUDE_IN_FRAMEWORK_HEADER = YES;
				CLANG_WARN_RANGE_LOOP_ANALYSIS = YES;
				CLANG_WARN_STRICT_PROTOTYPES = YES;
				CLANG_WARN_SUSPICIOUS_MOVE = YES;
				CLANG_WARN_UNGUARDED_AVAILABILITY = YES_AGGRESSIVE;
				CLANG_WARN_UNREACHABLE_CODE = YES;
				CLANG_WARN__DUPLICATE_METHOD_MATCH = YES;
				COPY_PHASE_STRIP = NO;
				DEBUG_INFORMATION_FORMAT = "dwarf-with-dsym";
				ENABLE_NS_ASSERTIONS = NO;
				ENABLE_STRICT_OBJC_MSGSEND = YES;
				GCC_C_LANGUAGE_STANDARD = gnu11;
				GCC_NO_COMMON_BLOCKS = YES;
				GCC_WARN_64_TO_32_BIT_CONVERSION = YES;
				GCC_WARN_ABOUT_RETURN_TYPE = YES_ERROR;
				GCC_WARN_UNDECLARED_SELECTOR = YES;
				GCC_WARN_UNINITIALIZED_AUTOS = YES_AGGRESSIVE;
				GCC_WARN_UNUSED_FUNCTION = YES;
				GCC_WARN_UNUSED_VARIABLE = YES;
				IPHONEOS_DEPLOYMENT_TARGET = 15.0;
				MTL_ENABLE_DEBUG_INFO = NO;
				MTL_FAST_MATH = YES;
				SDKROOT = iphoneos;
				SWIFT_COMPILATION_MODE = wholemodule;
				SWIFT_OPTIMIZATION_LEVEL = "-O";
				VALIDATE_PRODUCT = YES;
			};
			name = Release;
		};
		877F48AB270080F8002857F9 /* Debug */ = {
			isa = XCBuildConfiguration;
			buildSettings = {
				ASSETCATALOG_COMPILER_APPICON_NAME = AppIcon;
				ASSETCATALOG_COMPILER_GLOBAL_ACCENT_COLOR_NAME = AccentColor;
				CODE_SIGN_STYLE = Automatic;
				CURRENT_PROJECT_VERSION = 1;
				DEVELOPMENT_TEAM = AX6R3S6HFV;
				GENERATE_INFOPLIST_FILE = YES;
				INFOPLIST_FILE = Kanto/Info.plist;
				INFOPLIST_KEY_UIApplicationSupportsIndirectInputEvents = YES;
				INFOPLIST_KEY_UILaunchStoryboardName = LaunchScreen;
				INFOPLIST_KEY_UIMainStoryboardFile = Main;
				INFOPLIST_KEY_UISupportedInterfaceOrientations_iPad = "UIInterfaceOrientationPortrait UIInterfaceOrientationPortraitUpsideDown UIInterfaceOrientationLandscapeLeft UIInterfaceOrientationLandscapeRight";
				INFOPLIST_KEY_UISupportedInterfaceOrientations_iPhone = "UIInterfaceOrientationPortrait UIInterfaceOrientationLandscapeLeft UIInterfaceOrientationLandscapeRight";
				LD_RUNPATH_SEARCH_PATHS = (
					"$(inherited)",
					"@executable_path/Frameworks",
				);
				MARKETING_VERSION = 1.0;
				PRODUCT_BUNDLE_IDENTIFIER = com.sergeygryaznov.Kanto;
				PRODUCT_NAME = "$(TARGET_NAME)";
				SWIFT_EMIT_LOC_STRINGS = YES;
				SWIFT_VERSION = 5.0;
				TARGETED_DEVICE_FAMILY = "1,2";
			};
			name = Debug;
		};
		877F48AC270080F8002857F9 /* Release */ = {
			isa = XCBuildConfiguration;
			buildSettings = {
				ASSETCATALOG_COMPILER_APPICON_NAME = AppIcon;
				ASSETCATALOG_COMPILER_GLOBAL_ACCENT_COLOR_NAME = AccentColor;
				CODE_SIGN_STYLE = Automatic;
				CURRENT_PROJECT_VERSION = 1;
				DEVELOPMENT_TEAM = AX6R3S6HFV;
				GENERATE_INFOPLIST_FILE = YES;
				INFOPLIST_FILE = Kanto/Info.plist;
				INFOPLIST_KEY_UIApplicationSupportsIndirectInputEvents = YES;
				INFOPLIST_KEY_UILaunchStoryboardName = LaunchScreen;
				INFOPLIST_KEY_UIMainStoryboardFile = Main;
				INFOPLIST_KEY_UISupportedInterfaceOrientations_iPad = "UIInterfaceOrientationPortrait UIInterfaceOrientationPortraitUpsideDown UIInterfaceOrientationLandscapeLeft UIInterfaceOrientationLandscapeRight";
				INFOPLIST_KEY_UISupportedInterfaceOrientations_iPhone = "UIInterfaceOrientationPortrait UIInterfaceOrientationLandscapeLeft UIInterfaceOrientationLandscapeRight";
				LD_RUNPATH_SEARCH_PATHS = (
					"$(inherited)",
					"@executable_path/Frameworks",
				);
				MARKETING_VERSION = 1.0;
				PRODUCT_BUNDLE_IDENTIFIER = com.sergeygryaznov.Kanto;
				PRODUCT_NAME = "$(TARGET_NAME)";
				SWIFT_EMIT_LOC_STRINGS = YES;
				SWIFT_VERSION = 5.0;
				TARGETED_DEVICE_FAMILY = "1,2";
			};
			name = Release;
		};
/* End XCBuildConfiguration section */

/* Begin XCConfigurationList section */
		877F4891270080F6002857F9 /* Build configuration list for PBXProject "Kanto" */ = {
			isa = XCConfigurationList;
			buildConfigurations = (
				877F48A8270080F8002857F9 /* Debug */,
				877F48A9270080F8002857F9 /* Release */,
			);
			defaultConfigurationIsVisible = 0;
			defaultConfigurationName = Release;
		};
		877F48AA270080F8002857F9 /* Build configuration list for PBXNativeTarget "Kanto" */ = {
			isa = XCConfigurationList;
			buildConfigurations = (
				877F48AB270080F8002857F9 /* Debug */,
				877F48AC270080F8002857F9 /* Release */,
			);
			defaultConfigurationIsVisible = 0;
			defaultConfigurationName = Release;
		};
/* End XCConfigurationList section */
	};
	rootObject = 877F488E270080F6002857F9 /* Project object */;
}
